
Microsoft Visual Studio Solution File, Format Version 12.00
# Visual Studio 15
VisualStudioVersion = 15.0.28010.2036
MinimumVisualStudioVersion = 10.0.40219.1
Project("{FAE04EC0-301F-11D3-BF4B-00C04F79EFBC}") = "DemoDIConsoleApp", "DemoDIConsoleApp\DemoDIConsoleApp.csproj", "{265FEEBD-1763-4D1A-853D-B794A6E2D670}"
EndProject
Global
	GlobalSection(SolutionConfigurationPlatforms) = preSolution
		Debug|Any CPU = Debug|Any CPU
		Release|Any CPU = Release|Any CPU
	EndGlobalSection
	GlobalSection(ProjectConfigurationPlatforms) = postSolution
		{265FEEBD-1763-4D1A-853D-B794A6E2D670}.Debug|Any CPU.ActiveCfg = Debug|Any CPU
		{265FEEBD-1763-4D1A-853D-B794A6E2D670}.Debug|Any CPU.Build.0 = Debug|Any CPU
		{265FEEBD-1763-4D1A-853D-B794A6E2D670}.Release|Any CPU.ActiveCfg = Release|Any CPU
		{265FEEBD-1763-4D1A-853D-B794A6E2D670}.Release|Any CPU.Build.0 = Release|Any CPU
	EndGlobalSection
	GlobalSection(SolutionProperties) = preSolution
		HideSolutionNode = FALSE
	EndGlobalSection
	GlobalSection(ExtensibilityGlobals) = postSolution
		SolutionGuid = {F4FEA4F7-9CEA-4F28-AA6E-765053174148}
	EndGlobalSection
EndGlobal
